
Microsoft Visual Studio Solution File, Format Version 12.00
# Visual Studio Version 17
VisualStudioVersion = 17.5.33516.290
MinimumVisualStudioVersion = 10.0.40219.1
Project("{FAE04EC0-301F-11D3-BF4B-00C04F79EFBC}") = "Enternet_Shop", "Enternet_Shop.csproj", "{90B2B0D8-7F46-4543-A942-4F65540AC2F3}"
	ProjectSection(ProjectDependencies) = postProject
		{40F93F2A-C791-42CA-BF62-1A84FE3F35D1} = {40F93F2A-C791-42CA-BF62-1A84FE3F35D1}
	EndProjectSection
EndProject
Project("{FAE04EC0-301F-11D3-BF4B-00C04F79EFBC}") = "Enternet_Shop.Infrastructure", "Enternet_Shop.Infrastructure\Enternet_Shop.Infrastructure.csproj", "{40F93F2A-C791-42CA-BF62-1A84FE3F35D1}"
EndProject
Global
	GlobalSection(SolutionConfigurationPlatforms) = preSolution
		Debug|Any CPU = Debug|Any CPU
		Release|Any CPU = Release|Any CPU
	EndGlobalSection
	GlobalSection(ProjectConfigurationPlatforms) = postSolution
		{90B2B0D8-7F46-4543-A942-4F65540AC2F3}.Debug|Any CPU.ActiveCfg = Debug|Any CPU
		{90B2B0D8-7F46-4543-A942-4F65540AC2F3}.Debug|Any CPU.Build.0 = Debug|Any CPU
		{90B2B0D8-7F46-4543-A942-4F65540AC2F3}.Release|Any CPU.ActiveCfg = Release|Any CPU
		{90B2B0D8-7F46-4543-A942-4F65540AC2F3}.Release|Any CPU.Build.0 = Release|Any CPU
		{40F93F2A-C791-42CA-BF62-1A84FE3F35D1}.Debug|Any CPU.ActiveCfg = Debug|Any CPU
		{40F93F2A-C791-42CA-BF62-1A84FE3F35D1}.Debug|Any CPU.Build.0 = Debug|Any CPU
		{40F93F2A-C791-42CA-BF62-1A84FE3F35D1}.Release|Any CPU.ActiveCfg = Release|Any CPU
		{40F93F2A-C791-42CA-BF62-1A84FE3F35D1}.Release|Any CPU.Build.0 = Release|Any CPU
	EndGlobalSection
	GlobalSection(SolutionProperties) = preSolution
		HideSolutionNode = FALSE
	EndGlobalSection
	GlobalSection(ExtensibilityGlobals) = postSolution
		SolutionGuid = {0A221B6D-3693-4DD1-B9D9-E437931BC046}
	EndGlobalSection
EndGlobal
